Microsoft Visual Studio Solution File, Format Version 10.00
# Visual Studio 2008
Project("{FAE04EC0-301F-11D3-BF4B-00C04F79EFBC}") = "EditorStateExample.Module", "EditorStateExample.Module\EditorStateExample.Module.csproj", "{E18E3347-BBB6-4CA4-8356-B4F0D07295DB}"
EndProject
Project("{FAE04EC0-301F-11D3-BF4B-00C04F79EFBC}") = "EditorStateExample.Web", "EditorStateExample.Web\EditorStateExample.Web.csproj", "{918A9C52-C04A-42CE-9DA5-1D4BD592C5F6}"
EndProject
Project("{FAE04EC0-301F-11D3-BF4B-00C04F79EFBC}") = "EditorStateExample.Win", "EditorStateExample.Win\EditorStateExample.Win.csproj", "{CF6267B2-66A6-494F-B0B3-0B1DBC7529F8}"
EndProject
Global
	GlobalSection(SolutionConfigurationPlatforms) = preSolution
		Debug|Any CPU = Debug|Any CPU
		EasyTest|Any CPU = EasyTest|Any CPU
		Release|Any CPU = Release|Any CPU
	EndGlobalSection
	GlobalSection(ProjectConfigurationPlatforms) = postSolution
		{E18E3347-BBB6-4CA4-8356-B4F0D07295DB}.Debug|Any CPU.ActiveCfg = Debug|Any CPU
		{E18E3347-BBB6-4CA4-8356-B4F0D07295DB}.Debug|Any CPU.Build.0 = Debug|Any CPU
		{E18E3347-BBB6-4CA4-8356-B4F0D07295DB}.EasyTest|Any CPU.ActiveCfg = EasyTest|Any CPU
		{E18E3347-BBB6-4CA4-8356-B4F0D07295DB}.EasyTest|Any CPU.Build.0 = EasyTest|Any CPU
		{E18E3347-BBB6-4CA4-8356-B4F0D07295DB}.Release|Any CPU.ActiveCfg = Release|Any CPU
		{E18E3347-BBB6-4CA4-8356-B4F0D07295DB}.Release|Any CPU.Build.0 = Release|Any CPU
		{918A9C52-C04A-42CE-9DA5-1D4BD592C5F6}.Debug|Any CPU.ActiveCfg = Debug|Any CPU
		{918A9C52-C04A-42CE-9DA5-1D4BD592C5F6}.Debug|Any CPU.Build.0 = Debug|Any CPU
		{918A9C52-C04A-42CE-9DA5-1D4BD592C5F6}.EasyTest|Any CPU.ActiveCfg = EasyTest|Any CPU
		{918A9C52-C04A-42CE-9DA5-1D4BD592C5F6}.EasyTest|Any CPU.Build.0 = EasyTest|Any CPU
		{918A9C52-C04A-42CE-9DA5-1D4BD592C5F6}.Release|Any CPU.ActiveCfg = Release|Any CPU
		{918A9C52-C04A-42CE-9DA5-1D4BD592C5F6}.Release|Any CPU.Build.0 = Release|Any CPU
		{CF6267B2-66A6-494F-B0B3-0B1DBC7529F8}.Debug|Any CPU.ActiveCfg = Debug|Any CPU
		{CF6267B2-66A6-494F-B0B3-0B1DBC7529F8}.Debug|Any CPU.Build.0 = Debug|Any CPU
		{CF6267B2-66A6-494F-B0B3-0B1DBC7529F8}.EasyTest|Any CPU.ActiveCfg = EasyTest|Any CPU
		{CF6267B2-66A6-494F-B0B3-0B1DBC7529F8}.EasyTest|Any CPU.Build.0 = EasyTest|Any CPU
		{CF6267B2-66A6-494F-B0B3-0B1DBC7529F8}.Release|Any CPU.ActiveCfg = Release|Any CPU
		{CF6267B2-66A6-494F-B0B3-0B1DBC7529F8}.Release|Any CPU.Build.0 = Release|Any CPU
	EndGlobalSection
	GlobalSection(SolutionProperties) = preSolution
		HideSolutionNode = FALSE
	EndGlobalSection
EndGlobal
