Microsoft Visual Studio Solution File, Format Version 9.00
# Visual Studio 2005
Project("{F184B08F-C81C-45F6-A57F-5ABD9991F28F}") = "EditorStateExample.Module", "EditorStateExample.Module\EditorStateExample.Module.vbproj", "{E18E3347-BBB6-4CA4-8356-B4F0D07295DB}"
	ProjectSection(WebsiteProperties) = preProject
		Debug.AspNetCompiler.Debug = "True"
		Release.AspNetCompiler.Debug = "False"
	EndProjectSection
EndProject
Project("{F184B08F-C81C-45F6-A57F-5ABD9991F28F}") = "EditorStateExample.Web", "EditorStateExample.Web\EditorStateExample.Web.vbproj", "{918A9C52-C04A-42CE-9DA5-1D4BD592C5F6}"
	ProjectSection(WebsiteProperties) = preProject
		Debug.AspNetCompiler.Debug = "True"
		Release.AspNetCompiler.Debug = "False"
	EndProjectSection
EndProject
Project("{F184B08F-C81C-45F6-A57F-5ABD9991F28F}") = "EditorStateExample.Win", "EditorStateExample.Win\EditorStateExample.Win.vbproj", "{CF6267B2-66A6-494F-B0B3-0B1DBC7529F8}"
	ProjectSection(WebsiteProperties) = preProject
		Debug.AspNetCompiler.Debug = "True"
		Release.AspNetCompiler.Debug = "False"
	EndProjectSection
EndProject
Global
	GlobalSection(SolutionConfigurationPlatforms) = preSolution
		Debug|Any CPU = Debug|Any CPU
		EasyTest|Any CPU = EasyTest|Any CPU
		Release|Any CPU = Release|Any CPU
	EndGlobalSection
	GlobalSection(ProjectConfigurationPlatforms) = postSolution
		{E18E3347-BBB6-4CA4-8356-B4F0D07295DB}.Debug|Any CPU.ActiveCfg = Debug|Any CPU
		{E18E3347-BBB6-4CA4-8356-B4F0D07295DB}.Debug|Any CPU.Build.0 = Debug|Any CPU
		{E18E3347-BBB6-4CA4-8356-B4F0D07295DB}.EasyTest|Any CPU.ActiveCfg = EasyTest|Any CPU
		{E18E3347-BBB6-4CA4-8356-B4F0D07295DB}.EasyTest|Any CPU.Build.0 = EasyTest|Any CPU
		{E18E3347-BBB6-4CA4-8356-B4F0D07295DB}.Release|Any CPU.ActiveCfg = Release|Any CPU
		{E18E3347-BBB6-4CA4-8356-B4F0D07295DB}.Release|Any CPU.Build.0 = Release|Any CPU
		{918A9C52-C04A-42CE-9DA5-1D4BD592C5F6}.Debug|Any CPU.ActiveCfg = Debug|Any CPU
		{918A9C52-C04A-42CE-9DA5-1D4BD592C5F6}.Debug|Any CPU.Build.0 = Debug|Any CPU
		{918A9C52-C04A-42CE-9DA5-1D4BD592C5F6}.EasyTest|Any CPU.ActiveCfg = EasyTest|Any CPU
		{918A9C52-C04A-42CE-9DA5-1D4BD592C5F6}.EasyTest|Any CPU.Build.0 = EasyTest|Any CPU
		{918A9C52-C04A-42CE-9DA5-1D4BD592C5F6}.Release|Any CPU.ActiveCfg = Release|Any CPU
		{918A9C52-C04A-42CE-9DA5-1D4BD592C5F6}.Release|Any CPU.Build.0 = Release|Any CPU
		{CF6267B2-66A6-494F-B0B3-0B1DBC7529F8}.Debug|Any CPU.ActiveCfg = Debug|Any CPU
		{CF6267B2-66A6-494F-B0B3-0B1DBC7529F8}.Debug|Any CPU.Build.0 = Debug|Any CPU
		{CF6267B2-66A6-494F-B0B3-0B1DBC7529F8}.EasyTest|Any CPU.ActiveCfg = EasyTest|Any CPU
		{CF6267B2-66A6-494F-B0B3-0B1DBC7529F8}.EasyTest|Any CPU.Build.0 = EasyTest|Any CPU
		{CF6267B2-66A6-494F-B0B3-0B1DBC7529F8}.Release|Any CPU.ActiveCfg = Release|Any CPU
		{CF6267B2-66A6-494F-B0B3-0B1DBC7529F8}.Release|Any CPU.Build.0 = Release|Any CPU
	EndGlobalSection
	GlobalSection(SolutionProperties) = preSolution
		HideSolutionNode = FALSE
	EndGlobalSection
EndGlobal
